
Microsoft Visual Studio Solution File, Format Version 12.00
Project("{FAE04EC0-301F-11D3-BF4B-00C04F79EFBC}") = "WebCalculator", "WebCalculator\WebCalculator.csproj", "{9B373469-0470-46FC-A844-45B9218AFA75}"
EndProject
Project("{FAE04EC0-301F-11D3-BF4B-00C04F79EFBC}") = "WebCalculator.Tests", "WebCalculator.Tests\WebCalculator.Tests.csproj", "{1FFDBF66-90A2-4CF5-96B4-CBA85C87A190}"
EndProject
Global
	GlobalSection(SolutionConfigurationPlatforms) = preSolution
		Debug|Any CPU = Debug|Any CPU
		Release|Any CPU = Release|Any CPU
	EndGlobalSection
	GlobalSection(ProjectConfigurationPlatforms) = postSolution
		{9B373469-0470-46FC-A844-45B9218AFA75}.Debug|Any CPU.ActiveCfg = Debug|Any CPU
		{9B373469-0470-46FC-A844-45B9218AFA75}.Debug|Any CPU.Build.0 = Debug|Any CPU
		{9B373469-0470-46FC-A844-45B9218AFA75}.Release|Any CPU.ActiveCfg = Release|Any CPU
		{9B373469-0470-46FC-A844-45B9218AFA75}.Release|Any CPU.Build.0 = Release|Any CPU
		{1FFDBF66-90A2-4CF5-96B4-CBA85C87A190}.Debug|Any CPU.ActiveCfg = Debug|Any CPU
		{1FFDBF66-90A2-4CF5-96B4-CBA85C87A190}.Debug|Any CPU.Build.0 = Debug|Any CPU
		{1FFDBF66-90A2-4CF5-96B4-CBA85C87A190}.Release|Any CPU.ActiveCfg = Release|Any CPU
		{1FFDBF66-90A2-4CF5-96B4-CBA85C87A190}.Release|Any CPU.Build.0 = Release|Any CPU
	EndGlobalSection
EndGlobal
